{
  "requires": true,
  "lockfileVersion": 1,
  "dependencies": {
    "@nuxtjs/vuetify": {
      "version": "0.5.5",
      "resolved": "https://registry.npmjs.org/@nuxtjs/vuetify/-/vuetify-0.5.5.tgz",
      "integrity": "sha512-koSWjuMHN6KYu0O1aeDpY0xVgohKdoWlZCHRdeTUaY07H9SbVQQee0Mj0mrKXAh0ShOpcAoUCX6ttKuS1tap6w==",
      "requires": {
        "vuetify": "^1.5.1"
      }
    },
    "vuetify": {
      "version": "1.5.14",
      "resolved": "https://registry.npmjs.org/vuetify/-/vuetify-1.5.14.tgz",
      "integrity": "sha512-7iM+TfghR/wu/Gl+k37lKr0N8Ddr6SxzqHtoK1dIyHgCH6SJRkpaXPw2MC5/FsAg9aUDJbYNWrzSeu5eHw+Q/w=="
    }
  }
}
